{
  "object": {
    "pins": [
      {
        "package": "SwiftVersionCompare",
        "repositoryURL": "https://github.com/nihilias/SwiftVersionCompare.git",
        "state": {
          "branch": null,
          "revision": "5033050d7ac09287ad9ac1d612307e313d0753d3",
          "version": "0.6.0"
        }
      }
    ]
  },
  "version": 1
}
