{
  "object": {
    "pins": [
      {
        "package": "SwiftVersionCompare",
        "repositoryURL": "https://github.com/nihilias/SwiftVersionCompare.git",
        "state": {
          "branch": "develop",
          "revision": "99b270e10b22fe8bb41354d1c8ec75050da6cff6",
          "version": null
        }
      }
    ]
  },
  "version": 1
}
