// !$*UTF8*$!
{
	archiveVersion = 1;
	classes = {
	};
	objectVersion = 46;
	objects = {

/* Begin PBXAggregateTarget section */
		"SwiftVersionCompare::SwiftVersionComparePackageTests::ProductTarget" /* SwiftVersionComparePackageTests */ = {
			isa = PBXAggregateTarget;
			buildConfigurationList = OBJ_38 /* Build configuration list for PBXAggregateTarget "SwiftVersionComparePackageTests" */;
			buildPhases = (
			);
			dependencies = (
				OBJ_41 /* PBXTargetDependency */,
			);
			name = SwiftVersionComparePackageTests;
			productName = SwiftVersionComparePackageTests;
		};
/* End PBXAggregateTarget section */

/* Begin PBXBuildFile section */
		24A6A24625A3DD3B00E12D71 /* Error.swift in Sources */ = {isa = PBXBuildFile; fileRef = 24A6A24525A3DD3B00E12D71 /* Error.swift */; };
		24A6A25925A5198900E12D71 /* String+Regex.swift in Sources */ = {isa = PBXBuildFile; fileRef = 24A6A25825A5198900E12D71 /* String+Regex.swift */; };
		24A6A26425A51A2F00E12D71 /* SemanticVersionComparable+Equatable.swift in Sources */ = {isa = PBXBuildFile; fileRef = 24A6A26325A51A2F00E12D71 /* SemanticVersionComparable+Equatable.swift */; };
		24A6A26A25A51A4700E12D71 /* SemanticVersionComparable+Comparable.swift in Sources */ = {isa = PBXBuildFile; fileRef = 24A6A26925A51A4700E12D71 /* SemanticVersionComparable+Comparable.swift */; };
		24A6A27025A51B5500E12D71 /* Version+StringInitializer.swift in Sources */ = {isa = PBXBuildFile; fileRef = 24A6A26F25A51B5500E12D71 /* Version+StringInitializer.swift */; };
		24A6A27E25A51E1900E12D71 /* Version+Bundle.swift in Sources */ = {isa = PBXBuildFile; fileRef = 24A6A27D25A51E1900E12D71 /* Version+Bundle.swift */; };
		24A6A28825A6002200E12D71 /* Version+OS.swift in Sources */ = {isa = PBXBuildFile; fileRef = 24A6A28725A6002200E12D71 /* Version+OS.swift */; };
		24A6A2A625A64DAC00E12D71 /* VersionCompareResult.swift in Sources */ = {isa = PBXBuildFile; fileRef = 24A6A2A525A64DAC00E12D71 /* VersionCompareResult.swift */; };
		OBJ_28 /* SemanticVersionComparable.swift in Sources */ = {isa = PBXBuildFile; fileRef = OBJ_10 /* SemanticVersionComparable.swift */; };
		OBJ_29 /* Version.swift in Sources */ = {isa = PBXBuildFile; fileRef = OBJ_11 /* Version.swift */; };
		OBJ_36 /* Package.swift in Sources */ = {isa = PBXBuildFile; fileRef = OBJ_6 /* Package.swift */; };
		OBJ_47 /* SemanticVersionComparableTests.swift in Sources */ = {isa = PBXBuildFile; fileRef = OBJ_14 /* SemanticVersionComparableTests.swift */; };
		OBJ_48 /* VersionTests.swift in Sources */ = {isa = PBXBuildFile; fileRef = OBJ_15 /* VersionTests.swift */; };
		OBJ_49 /* XCTestManifests.swift in Sources */ = {isa = PBXBuildFile; fileRef = OBJ_16 /* XCTestManifests.swift */; };
		OBJ_51 /* SwiftVersionCompare.framework in Frameworks */ = {isa = PBXBuildFile; fileRef = "SwiftVersionCompare::SwiftVersionCompare::Product" /* SwiftVersionCompare.framework */; };
/* End PBXBuildFile section */

/* Begin PBXContainerItemProxy section */
		24A6A22325A0DE8B00E12D71 /* PBXContainerItemProxy */ = {
			isa = PBXContainerItemProxy;
			containerPortal = OBJ_1 /* Project object */;
			proxyType = 1;
			remoteGlobalIDString = "SwiftVersionCompare::SwiftVersionCompare";
			remoteInfo = SwiftVersionCompare;
		};
		24A6A22625A1BC3B00E12D71 /* PBXContainerItemProxy */ = {
			isa = PBXContainerItemProxy;
			containerPortal = OBJ_1 /* Project object */;
			proxyType = 1;
			remoteGlobalIDString = "SwiftVersionCompare::SwiftVersionCompareTests";
			remoteInfo = SwiftVersionCompareTests;
		};
/* End PBXContainerItemProxy section */

/* Begin PBXFileReference section */
		24A6A24525A3DD3B00E12D71 /* Error.swift */ = {isa = PBXFileReference; fileEncoding = 4; lastKnownFileType = sourcecode.swift; path = Error.swift; sourceTree = "<group>"; };
		24A6A25825A5198900E12D71 /* String+Regex.swift */ = {isa = PBXFileReference; lastKnownFileType = sourcecode.swift; path = "String+Regex.swift"; sourceTree = "<group>"; };
		24A6A26325A51A2F00E12D71 /* SemanticVersionComparable+Equatable.swift */ = {isa = PBXFileReference; lastKnownFileType = sourcecode.swift; path = "SemanticVersionComparable+Equatable.swift"; sourceTree = "<group>"; };
		24A6A26925A51A4700E12D71 /* SemanticVersionComparable+Comparable.swift */ = {isa = PBXFileReference; lastKnownFileType = sourcecode.swift; path = "SemanticVersionComparable+Comparable.swift"; sourceTree = "<group>"; };
		24A6A26F25A51B5500E12D71 /* Version+StringInitializer.swift */ = {isa = PBXFileReference; lastKnownFileType = sourcecode.swift; path = "Version+StringInitializer.swift"; sourceTree = "<group>"; };
		24A6A27D25A51E1900E12D71 /* Version+Bundle.swift */ = {isa = PBXFileReference; lastKnownFileType = sourcecode.swift; path = "Version+Bundle.swift"; sourceTree = "<group>"; };
		24A6A28725A6002200E12D71 /* Version+OS.swift */ = {isa = PBXFileReference; lastKnownFileType = sourcecode.swift; path = "Version+OS.swift"; sourceTree = "<group>"; };
		24A6A2A525A64DAC00E12D71 /* VersionCompareResult.swift */ = {isa = PBXFileReference; lastKnownFileType = sourcecode.swift; path = VersionCompareResult.swift; sourceTree = "<group>"; };
		OBJ_10 /* SemanticVersionComparable.swift */ = {isa = PBXFileReference; lastKnownFileType = sourcecode.swift; path = SemanticVersionComparable.swift; sourceTree = "<group>"; };
		OBJ_11 /* Version.swift */ = {isa = PBXFileReference; lastKnownFileType = sourcecode.swift; path = Version.swift; sourceTree = "<group>"; };
		OBJ_14 /* SemanticVersionComparableTests.swift */ = {isa = PBXFileReference; lastKnownFileType = sourcecode.swift; path = SemanticVersionComparableTests.swift; sourceTree = "<group>"; };
		OBJ_15 /* VersionTests.swift */ = {isa = PBXFileReference; lastKnownFileType = sourcecode.swift; path = VersionTests.swift; sourceTree = "<group>"; };
		OBJ_16 /* XCTestManifests.swift */ = {isa = PBXFileReference; lastKnownFileType = sourcecode.swift; path = XCTestManifests.swift; sourceTree = "<group>"; };
		OBJ_20 /* LICENSE */ = {isa = PBXFileReference; lastKnownFileType = text; path = LICENSE; sourceTree = "<group>"; };
		OBJ_21 /* README.md */ = {isa = PBXFileReference; lastKnownFileType = net.daringfireball.markdown; path = README.md; sourceTree = "<group>"; };
		OBJ_6 /* Package.swift */ = {isa = PBXFileReference; explicitFileType = sourcecode.swift; path = Package.swift; sourceTree = "<group>"; };
		"SwiftVersionCompare::SwiftVersionCompare::Product" /* SwiftVersionCompare.framework */ = {isa = PBXFileReference; explicitFileType = wrapper.framework; path = SwiftVersionCompare.framework; sourceTree = BUILT_PRODUCTS_DIR; };
		"SwiftVersionCompare::SwiftVersionCompareTests::Product" /* SwiftVersionCompareTests.xctest */ = {isa = PBXFileReference; lastKnownFileType = file; path = SwiftVersionCompareTests.xctest; sourceTree = BUILT_PRODUCTS_DIR; };
/* End PBXFileReference section */

/* Begin PBXFrameworksBuildPhase section */
		OBJ_30 /* Frameworks */ = {
			isa = PBXFrameworksBuildPhase;
			buildActionMask = 0;
			files = (
			);
			runOnlyForDeploymentPostprocessing = 0;
		};
		OBJ_50 /* Frameworks */ = {
			isa = PBXFrameworksBuildPhase;
			buildActionMask = 0;
			files = (
				OBJ_51 /* SwiftVersionCompare.framework in Frameworks */,
			);
			runOnlyForDeploymentPostprocessing = 0;
		};
/* End PBXFrameworksBuildPhase section */

/* Begin PBXGroup section */
		24A6A25725A5196D00E12D71 /* Helper */ = {
			isa = PBXGroup;
			children = (
				24A6A24525A3DD3B00E12D71 /* Error.swift */,
				24A6A25825A5198900E12D71 /* String+Regex.swift */,
				24A6A2A525A64DAC00E12D71 /* VersionCompareResult.swift */,
			);
			path = Helper;
			sourceTree = "<group>";
		};
		24A6A25E25A519AC00E12D71 /* SemanticVersionComparable */ = {
			isa = PBXGroup;
			children = (
				OBJ_10 /* SemanticVersionComparable.swift */,
				24A6A26925A51A4700E12D71 /* SemanticVersionComparable+Comparable.swift */,
				24A6A26325A51A2F00E12D71 /* SemanticVersionComparable+Equatable.swift */,
			);
			path = SemanticVersionComparable;
			sourceTree = "<group>";
		};
		OBJ_12 /* Tests */ = {
			isa = PBXGroup;
			children = (
				OBJ_13 /* SwiftVersionCompareTests */,
			);
			name = Tests;
			sourceTree = SOURCE_ROOT;
		};
		OBJ_13 /* SwiftVersionCompareTests */ = {
			isa = PBXGroup;
			children = (
				OBJ_14 /* SemanticVersionComparableTests.swift */,
				OBJ_15 /* VersionTests.swift */,
				OBJ_16 /* XCTestManifests.swift */,
			);
			name = SwiftVersionCompareTests;
			path = Tests/SwiftVersionCompareTests;
			sourceTree = SOURCE_ROOT;
		};
		OBJ_17 /* Products */ = {
			isa = PBXGroup;
			children = (
				"SwiftVersionCompare::SwiftVersionCompare::Product" /* SwiftVersionCompare.framework */,
				"SwiftVersionCompare::SwiftVersionCompareTests::Product" /* SwiftVersionCompareTests.xctest */,
			);
			name = Products;
			sourceTree = BUILT_PRODUCTS_DIR;
		};
		OBJ_5 /*  */ = {
			isa = PBXGroup;
			children = (
				OBJ_6 /* Package.swift */,
				OBJ_7 /* Sources */,
				OBJ_12 /* Tests */,
				OBJ_17 /* Products */,
				OBJ_20 /* LICENSE */,
				OBJ_21 /* README.md */,
			);
			name = "";
			sourceTree = "<group>";
		};
		OBJ_7 /* Sources */ = {
			isa = PBXGroup;
			children = (
				OBJ_8 /* SwiftVersionCompare */,
			);
			name = Sources;
			sourceTree = SOURCE_ROOT;
		};
		OBJ_8 /* SwiftVersionCompare */ = {
			isa = PBXGroup;
			children = (
				OBJ_11 /* Version.swift */,
				24A6A27D25A51E1900E12D71 /* Version+Bundle.swift */,
				24A6A26F25A51B5500E12D71 /* Version+StringInitializer.swift */,
				24A6A28725A6002200E12D71 /* Version+OS.swift */,
				24A6A25E25A519AC00E12D71 /* SemanticVersionComparable */,
				24A6A25725A5196D00E12D71 /* Helper */,
			);
			name = SwiftVersionCompare;
			path = Sources/SwiftVersionCompare;
			sourceTree = SOURCE_ROOT;
		};
/* End PBXGroup section */

/* Begin PBXNativeTarget section */
		"SwiftVersionCompare::SwiftPMPackageDescription" /* SwiftVersionComparePackageDescription */ = {
			isa = PBXNativeTarget;
			buildConfigurationList = OBJ_32 /* Build configuration list for PBXNativeTarget "SwiftVersionComparePackageDescription" */;
			buildPhases = (
				OBJ_35 /* Sources */,
			);
			buildRules = (
			);
			dependencies = (
			);
			name = SwiftVersionComparePackageDescription;
			productName = SwiftVersionComparePackageDescription;
			productType = "com.apple.product-type.framework";
		};
		"SwiftVersionCompare::SwiftVersionCompare" /* SwiftVersionCompare */ = {
			isa = PBXNativeTarget;
			buildConfigurationList = OBJ_23 /* Build configuration list for PBXNativeTarget "SwiftVersionCompare" */;
			buildPhases = (
				OBJ_26 /* Sources */,
				OBJ_30 /* Frameworks */,
			);
			buildRules = (
			);
			dependencies = (
			);
			name = SwiftVersionCompare;
			productName = SwiftVersionCompare;
			productReference = "SwiftVersionCompare::SwiftVersionCompare::Product" /* SwiftVersionCompare.framework */;
			productType = "com.apple.product-type.framework";
		};
		"SwiftVersionCompare::SwiftVersionCompareTests" /* SwiftVersionCompareTests */ = {
			isa = PBXNativeTarget;
			buildConfigurationList = OBJ_43 /* Build configuration list for PBXNativeTarget "SwiftVersionCompareTests" */;
			buildPhases = (
				OBJ_46 /* Sources */,
				OBJ_50 /* Frameworks */,
			);
			buildRules = (
			);
			dependencies = (
				OBJ_52 /* PBXTargetDependency */,
			);
			name = SwiftVersionCompareTests;
			productName = SwiftVersionCompareTests;
			productReference = "SwiftVersionCompare::SwiftVersionCompareTests::Product" /* SwiftVersionCompareTests.xctest */;
			productType = "com.apple.product-type.bundle.unit-test";
		};
/* End PBXNativeTarget section */

/* Begin PBXProject section */
		OBJ_1 /* Project object */ = {
			isa = PBXProject;
			attributes = {
				LastSwiftMigration = 9999;
				LastUpgradeCheck = 9999;
			};
			buildConfigurationList = OBJ_2 /* Build configuration list for PBXProject "SwiftVersionCompare" */;
			compatibilityVersion = "Xcode 3.2";
			developmentRegion = en;
			hasScannedForEncodings = 0;
			knownRegions = (
				en,
			);
			mainGroup = OBJ_5 /*  */;
			productRefGroup = OBJ_17 /* Products */;
			projectDirPath = "";
			projectRoot = "";
			targets = (
				"SwiftVersionCompare::SwiftVersionCompare" /* SwiftVersionCompare */,
				"SwiftVersionCompare::SwiftPMPackageDescription" /* SwiftVersionComparePackageDescription */,
				"SwiftVersionCompare::SwiftVersionComparePackageTests::ProductTarget" /* SwiftVersionComparePackageTests */,
				"SwiftVersionCompare::SwiftVersionCompareTests" /* SwiftVersionCompareTests */,
			);
		};
/* End PBXProject section */

/* Begin PBXSourcesBuildPhase section */
		OBJ_26 /* Sources */ = {
			isa = PBXSourcesBuildPhase;
			buildActionMask = 0;
			files = (
				OBJ_28 /* SemanticVersionComparable.swift in Sources */,
				24A6A26425A51A2F00E12D71 /* SemanticVersionComparable+Equatable.swift in Sources */,
				24A6A27E25A51E1900E12D71 /* Version+Bundle.swift in Sources */,
				24A6A27025A51B5500E12D71 /* Version+StringInitializer.swift in Sources */,
				24A6A28825A6002200E12D71 /* Version+OS.swift in Sources */,
				24A6A24625A3DD3B00E12D71 /* Error.swift in Sources */,
				24A6A25925A5198900E12D71 /* String+Regex.swift in Sources */,
				24A6A2A625A64DAC00E12D71 /* VersionCompareResult.swift in Sources */,
				24A6A26A25A51A4700E12D71 /* SemanticVersionComparable+Comparable.swift in Sources */,
				OBJ_29 /* Version.swift in Sources */,
			);
			runOnlyForDeploymentPostprocessing = 0;
		};
		OBJ_35 /* Sources */ = {
			isa = PBXSourcesBuildPhase;
			buildActionMask = 0;
			files = (
				OBJ_36 /* Package.swift in Sources */,
			);
			runOnlyForDeploymentPostprocessing = 0;
		};
		OBJ_46 /* Sources */ = {
			isa = PBXSourcesBuildPhase;
			buildActionMask = 0;
			files = (
				OBJ_47 /* SemanticVersionComparableTests.swift in Sources */,
				OBJ_48 /* VersionTests.swift in Sources */,
				OBJ_49 /* XCTestManifests.swift in Sources */,
			);
			runOnlyForDeploymentPostprocessing = 0;
		};
/* End PBXSourcesBuildPhase section */

/* Begin PBXTargetDependency section */
		OBJ_41 /* PBXTargetDependency */ = {
			isa = PBXTargetDependency;
			target = "SwiftVersionCompare::SwiftVersionCompareTests" /* SwiftVersionCompareTests */;
			targetProxy = 24A6A22625A1BC3B00E12D71 /* PBXContainerItemProxy */;
		};
		OBJ_52 /* PBXTargetDependency */ = {
			isa = PBXTargetDependency;
			target = "SwiftVersionCompare::SwiftVersionCompare" /* SwiftVersionCompare */;
			targetProxy = 24A6A22325A0DE8B00E12D71 /* PBXContainerItemProxy */;
		};
/* End PBXTargetDependency section */

/* Begin XCBuildConfiguration section */
		OBJ_24 /* Debug */ = {
			isa = XCBuildConfiguration;
			buildSettings = {
				ENABLE_TESTABILITY = YES;
				FRAMEWORK_SEARCH_PATHS = (
					"$(inherited)",
					"$(PLATFORM_DIR)/Developer/Library/Frameworks",
				);
				HEADER_SEARCH_PATHS = "$(inherited)";
				INFOPLIST_FILE = SwiftVersionCompare.xcodeproj/SwiftVersionCompare_Info.plist;
				IPHONEOS_DEPLOYMENT_TARGET = 9.0;
				LD_RUNPATH_SEARCH_PATHS = "$(inherited) $(TOOLCHAIN_DIR)/usr/lib/swift/macosx";
				MACOSX_DEPLOYMENT_TARGET = 10.10;
				MARKETING_VERSION = 0.0.0;
				OTHER_CFLAGS = "$(inherited)";
				OTHER_LDFLAGS = "$(inherited)";
				OTHER_SWIFT_FLAGS = "$(inherited)";
				PRODUCT_BUNDLE_IDENTIFIER = SwiftVersionCompare;
				PRODUCT_MODULE_NAME = "$(TARGET_NAME:c99extidentifier)";
				PRODUCT_NAME = "$(TARGET_NAME:c99extidentifier)";
				SKIP_INSTALL = YES;
				SWIFT_ACTIVE_COMPILATION_CONDITIONS = "$(inherited)";
				SWIFT_VERSION = 5.0;
				TARGET_NAME = SwiftVersionCompare;
				TVOS_DEPLOYMENT_TARGET = 9.0;
				WATCHOS_DEPLOYMENT_TARGET = 2.0;
			};
			name = Debug;
		};
		OBJ_25 /* Release */ = {
			isa = XCBuildConfiguration;
			buildSettings = {
				ENABLE_TESTABILITY = YES;
				FRAMEWORK_SEARCH_PATHS = (
					"$(inherited)",
					"$(PLATFORM_DIR)/Developer/Library/Frameworks",
				);
				HEADER_SEARCH_PATHS = "$(inherited)";
				INFOPLIST_FILE = SwiftVersionCompare.xcodeproj/SwiftVersionCompare_Info.plist;
				IPHONEOS_DEPLOYMENT_TARGET = 9.0;
				LD_RUNPATH_SEARCH_PATHS = "$(inherited) $(TOOLCHAIN_DIR)/usr/lib/swift/macosx";
				MACOSX_DEPLOYMENT_TARGET = 10.10;
				MARKETING_VERSION = 0.0.0;
				OTHER_CFLAGS = "$(inherited)";
				OTHER_LDFLAGS = "$(inherited)";
				OTHER_SWIFT_FLAGS = "$(inherited)";
				PRODUCT_BUNDLE_IDENTIFIER = SwiftVersionCompare;
				PRODUCT_MODULE_NAME = "$(TARGET_NAME:c99extidentifier)";
				PRODUCT_NAME = "$(TARGET_NAME:c99extidentifier)";
				SKIP_INSTALL = YES;
				SWIFT_ACTIVE_COMPILATION_CONDITIONS = "$(inherited)";
				SWIFT_VERSION = 5.0;
				TARGET_NAME = SwiftVersionCompare;
				TVOS_DEPLOYMENT_TARGET = 9.0;
				WATCHOS_DEPLOYMENT_TARGET = 2.0;
			};
			name = Release;
		};
		OBJ_3 /* Debug */ = {
			isa = XCBuildConfiguration;
			buildSettings = {
				CLANG_ENABLE_OBJC_ARC = YES;
				COMBINE_HIDPI_IMAGES = YES;
				COPY_PHASE_STRIP = NO;
				DEBUG_INFORMATION_FORMAT = dwarf;
				DYLIB_INSTALL_NAME_BASE = "@rpath";
				ENABLE_NS_ASSERTIONS = YES;
				GCC_OPTIMIZATION_LEVEL = 0;
				GCC_PREPROCESSOR_DEFINITIONS = (
					"$(inherited)",
					"SWIFT_PACKAGE=1",
					"DEBUG=1",
				);
				MACOSX_DEPLOYMENT_TARGET = 10.10;
				ONLY_ACTIVE_ARCH = YES;
				OTHER_SWIFT_FLAGS = "$(inherited) -DXcode";
				PRODUCT_NAME = "$(TARGET_NAME)";
				SDKROOT = macosx;
				SUPPORTED_PLATFORMS = "macosx iphoneos iphonesimulator appletvos appletvsimulator watchos watchsimulator";
				SWIFT_ACTIVE_COMPILATION_CONDITIONS = "$(inherited) SWIFT_PACKAGE DEBUG";
				SWIFT_OPTIMIZATION_LEVEL = "-Onone";
				USE_HEADERMAP = NO;
			};
			name = Debug;
		};
		OBJ_33 /* Debug */ = {
			isa = XCBuildConfiguration;
			buildSettings = {
				LD = /usr/bin/true;
				OTHER_SWIFT_FLAGS = "-swift-version 5 -I $(TOOLCHAIN_DIR)/usr/lib/swift/pm/4_2 -sdk /Applications/Xcode.app/Contents/Developer/Platforms/MacOSX.platform/Developer/SDKs/MacOSX11.1.sdk -package-description-version 5.3.0";
				SWIFT_VERSION = 5.0;
			};
			name = Debug;
		};
		OBJ_34 /* Release */ = {
			isa = XCBuildConfiguration;
			buildSettings = {
				LD = /usr/bin/true;
				OTHER_SWIFT_FLAGS = "-swift-version 5 -I $(TOOLCHAIN_DIR)/usr/lib/swift/pm/4_2 -sdk /Applications/Xcode.app/Contents/Developer/Platforms/MacOSX.platform/Developer/SDKs/MacOSX11.1.sdk -package-description-version 5.3.0";
				SWIFT_VERSION = 5.0;
			};
			name = Release;
		};
		OBJ_39 /* Debug */ = {
			isa = XCBuildConfiguration;
			buildSettings = {
			};
			name = Debug;
		};
		OBJ_4 /* Release */ = {
			isa = XCBuildConfiguration;
			buildSettings = {
				CLANG_ENABLE_OBJC_ARC = YES;
				COMBINE_HIDPI_IMAGES = YES;
				COPY_PHASE_STRIP = YES;
				DEBUG_INFORMATION_FORMAT = "dwarf-with-dsym";
				DYLIB_INSTALL_NAME_BASE = "@rpath";
				GCC_OPTIMIZATION_LEVEL = s;
				GCC_PREPROCESSOR_DEFINITIONS = (
					"$(inherited)",
					"SWIFT_PACKAGE=1",
				);
				MACOSX_DEPLOYMENT_TARGET = 10.10;
				OTHER_SWIFT_FLAGS = "$(inherited) -DXcode";
				PRODUCT_NAME = "$(TARGET_NAME)";
				SDKROOT = macosx;
				SUPPORTED_PLATFORMS = "macosx iphoneos iphonesimulator appletvos appletvsimulator watchos watchsimulator";
				SWIFT_ACTIVE_COMPILATION_CONDITIONS = "$(inherited) SWIFT_PACKAGE";
				SWIFT_OPTIMIZATION_LEVEL = "-Owholemodule";
				USE_HEADERMAP = NO;
			};
			name = Release;
		};
		OBJ_40 /* Release */ = {
			isa = XCBuildConfiguration;
			buildSettings = {
			};
			name = Release;
		};
		OBJ_44 /* Debug */ = {
			isa = XCBuildConfiguration;
			buildSettings = {
				CLANG_ENABLE_MODULES = YES;
				EMBEDDED_CONTENT_CONTAINS_SWIFT = YES;
				FRAMEWORK_SEARCH_PATHS = (
					"$(inherited)",
					"$(PLATFORM_DIR)/Developer/Library/Frameworks",
				);
				HEADER_SEARCH_PATHS = "$(inherited)";
				INFOPLIST_FILE = SwiftVersionCompare.xcodeproj/SwiftVersionCompareTests_Info.plist;
				IPHONEOS_DEPLOYMENT_TARGET = 14.0;
				LD_RUNPATH_SEARCH_PATHS = "$(inherited) @loader_path/../Frameworks @loader_path/Frameworks";
				MACOSX_DEPLOYMENT_TARGET = 10.15;
				OTHER_CFLAGS = "$(inherited)";
				OTHER_LDFLAGS = "$(inherited)";
				OTHER_SWIFT_FLAGS = "$(inherited)";
				SWIFT_ACTIVE_COMPILATION_CONDITIONS = "$(inherited)";
				SWIFT_VERSION = 5.0;
				TARGET_NAME = SwiftVersionCompareTests;
				TVOS_DEPLOYMENT_TARGET = 9.0;
				WATCHOS_DEPLOYMENT_TARGET = 2.0;
			};
			name = Debug;
		};
		OBJ_45 /* Release */ = {
			isa = XCBuildConfiguration;
			buildSettings = {
				CLANG_ENABLE_MODULES = YES;
				EMBEDDED_CONTENT_CONTAINS_SWIFT = YES;
				FRAMEWORK_SEARCH_PATHS = (
					"$(inherited)",
					"$(PLATFORM_DIR)/Developer/Library/Frameworks",
				);
				HEADER_SEARCH_PATHS = "$(inherited)";
				INFOPLIST_FILE = SwiftVersionCompare.xcodeproj/SwiftVersionCompareTests_Info.plist;
				IPHONEOS_DEPLOYMENT_TARGET = 14.0;
				LD_RUNPATH_SEARCH_PATHS = "$(inherited) @loader_path/../Frameworks @loader_path/Frameworks";
				MACOSX_DEPLOYMENT_TARGET = 10.15;
				OTHER_CFLAGS = "$(inherited)";
				OTHER_LDFLAGS = "$(inherited)";
				OTHER_SWIFT_FLAGS = "$(inherited)";
				SWIFT_ACTIVE_COMPILATION_CONDITIONS = "$(inherited)";
				SWIFT_VERSION = 5.0;
				TARGET_NAME = SwiftVersionCompareTests;
				TVOS_DEPLOYMENT_TARGET = 9.0;
				WATCHOS_DEPLOYMENT_TARGET = 2.0;
			};
			name = Release;
		};
/* End XCBuildConfiguration section */

/* Begin XCConfigurationList section */
		OBJ_2 /* Build configuration list for PBXProject "SwiftVersionCompare" */ = {
			isa = XCConfigurationList;
			buildConfigurations = (
				OBJ_3 /* Debug */,
				OBJ_4 /* Release */,
			);
			defaultConfigurationIsVisible = 0;
			defaultConfigurationName = Release;
		};
		OBJ_23 /* Build configuration list for PBXNativeTarget "SwiftVersionCompare" */ = {
			isa = XCConfigurationList;
			buildConfigurations = (
				OBJ_24 /* Debug */,
				OBJ_25 /* Release */,
			);
			defaultConfigurationIsVisible = 0;
			defaultConfigurationName = Release;
		};
		OBJ_32 /* Build configuration list for PBXNativeTarget "SwiftVersionComparePackageDescription" */ = {
			isa = XCConfigurationList;
			buildConfigurations = (
				OBJ_33 /* Debug */,
				OBJ_34 /* Release */,
			);
			defaultConfigurationIsVisible = 0;
			defaultConfigurationName = Release;
		};
		OBJ_38 /* Build configuration list for PBXAggregateTarget "SwiftVersionComparePackageTests" */ = {
			isa = XCConfigurationList;
			buildConfigurations = (
				OBJ_39 /* Debug */,
				OBJ_40 /* Release */,
			);
			defaultConfigurationIsVisible = 0;
			defaultConfigurationName = Release;
		};
		OBJ_43 /* Build configuration list for PBXNativeTarget "SwiftVersionCompareTests" */ = {
			isa = XCConfigurationList;
			buildConfigurations = (
				OBJ_44 /* Debug */,
				OBJ_45 /* Release */,
			);
			defaultConfigurationIsVisible = 0;
			defaultConfigurationName = Release;
		};
/* End XCConfigurationList section */
	};
	rootObject = OBJ_1 /* Project object */;
}
